
Microsoft Visual Studio Solution File, Format Version 12.00
Project("{FAE04EC0-301F-11D3-BF4B-00C04F79EFBC}") = "E11", "E11.csproj", "{8695A30E-0F58-4FA3-A279-73DE8695F5E8}"
EndProject
Global
	GlobalSection(SolutionConfigurationPlatforms) = preSolution
		Debug|Any CPU = Debug|Any CPU
		Release|Any CPU = Release|Any CPU
	EndGlobalSection
	GlobalSection(ProjectConfigurationPlatforms) = postSolution
		{8695A30E-0F58-4FA3-A279-73DE8695F5E8}.Debug|Any CPU.ActiveCfg = Debug|Any CPU
		{8695A30E-0F58-4FA3-A279-73DE8695F5E8}.Debug|Any CPU.Build.0 = Debug|Any CPU
		{8695A30E-0F58-4FA3-A279-73DE8695F5E8}.Release|Any CPU.ActiveCfg = Release|Any CPU
		{8695A30E-0F58-4FA3-A279-73DE8695F5E8}.Release|Any CPU.Build.0 = Release|Any CPU
	EndGlobalSection
EndGlobal
